// !$*UTF8*$!
{
	archiveVersion = 1;
	classes = {
	};
	objectVersion = 45;
	objects = {

/* Begin PBXBuildFile section */
		1D3623260D0F684500981E51 /* testsAppDelegate.mm in Sources */ = {isa = PBXBuildFile; fileRef = 1D3623250D0F684500981E51 /* testsAppDelegate.mm */; };
		1D60589B0D05DD56006BFB54 /* main.m in Sources */ = {isa = PBXBuildFile; fileRef = 29B97316FDCFA39411CA2CEA /* main.m */; };
		1D60589F0D05DD5A006BFB54 /* Foundation.framework in Frameworks */ = {isa = PBXBuildFile; fileRef = 1D30AB110D05D00D00671497 /* Foundation.framework */; };
		1DF5F4E00D08C38300B7A737 /* UIKit.framework in Frameworks */ = {isa = PBXBuildFile; fileRef = 1DF5F4DF0D08C38300B7A737 /* UIKit.framework */; };
		288765A50DF7441C002DB57D /* CoreGraphics.framework in Frameworks */ = {isa = PBXBuildFile; fileRef = 288765A40DF7441C002DB57D /* CoreGraphics.framework */; };
		BF170DAF12928DE900B8313A /* Foundation.framework in Frameworks */ = {isa = PBXBuildFile; fileRef = 1D30AB110D05D00D00671497 /* Foundation.framework */; };
		BF170DB112928DE900B8313A /* OpenGLES.framework in Frameworks */ = {isa = PBXBuildFile; fileRef = BF170DB012928DE900B8313A /* OpenGLES.framework */; };
		BF170DB312928DE900B8313A /* libxml2.dylib in Frameworks */ = {isa = PBXBuildFile; fileRef = BF170DB212928DE900B8313A /* libxml2.dylib */; };
		BF171245129291EC00B8313A /* OpenGLES.framework in Frameworks */ = {isa = PBXBuildFile; fileRef = BF170DB012928DE900B8313A /* OpenGLES.framework */; };
		BF1712461292920000B8313A /* libxml2.dylib in Frameworks */ = {isa = PBXBuildFile; fileRef = BF170DB212928DE900B8313A /* libxml2.dylib */; };
		BF1712471292920000B8313A /* libz.dylib in Frameworks */ = {isa = PBXBuildFile; fileRef = BF170DB412928DE900B8313A /* libz.dylib */; };
		BF1712591292930200B8313A /* libbox2d.a in Frameworks */ = {isa = PBXBuildFile; fileRef = BF17118712928FA700B8313A /* libbox2d.a */; };
		BF17125A1292930200B8313A /* libcocos2d.a in Frameworks */ = {isa = PBXBuildFile; fileRef = BF170DAB12928DAA00B8313A /* libcocos2d.a */; };
		BF1712E9129293C200B8313A /* libchipmunk.a in Frameworks */ = {isa = PBXBuildFile; fileRef = BF1712631292931F00B8313A /* libchipmunk.a */; };
		BF1C47EB1293683800B63C5D /* QuartzCore.framework in Frameworks */ = {isa = PBXBuildFile; fileRef = BF1C47EA1293683800B63C5D /* QuartzCore.framework */; };
		BF1C47F01293687400B63C5D /* QuartzCore.framework in Frameworks */ = {isa = PBXBuildFile; fileRef = BF1C47EA1293683800B63C5D /* QuartzCore.framework */; };
		BF31DF0112E9784500D4F513 /* libCocosDenshion.a in Frameworks */ = {isa = PBXBuildFile; fileRef = BF31DEAE12E9780200D4F513 /* libCocosDenshion.a */; };
		BF3326F413690DA4007CAA22 /* RootViewController.mm in Sources */ = {isa = PBXBuildFile; fileRef = BF3326F313690DA4007CAA22 /* RootViewController.mm */; };
		C6DB254313DD6602000E8D18 /* cocos2dx in Resources */ = {isa = PBXBuildFile; fileRef = C6DB254213DD6602000E8D18 /* cocos2dx */; };
		C6DB255913DD6AA8000E8D18 /* AdvanceSpriteTest.cpp in Sources */ = {isa = PBXBuildFile; fileRef = C6DB255813DD6AA8000E8D18 /* AdvanceSpriteTest.cpp */; };
		C6DB255D13DD6B24000E8D18 /* Box2D in Resources */ = {isa = PBXBuildFile; fileRef = C6DB255A13DD6B24000E8D18 /* Box2D */; };
		C6DB255E13DD6B24000E8D18 /* chipmunk in Resources */ = {isa = PBXBuildFile; fileRef = C6DB255B13DD6B24000E8D18 /* chipmunk */; };
		C6DB255F13DD6B24000E8D18 /* CocosDenshion in Resources */ = {isa = PBXBuildFile; fileRef = C6DB255C13DD6B24000E8D18 /* CocosDenshion */; };
		D429012E13B1D16900A3772F /* libcurl.a in Frameworks */ = {isa = PBXBuildFile; fileRef = D429012D13B1D16900A3772F /* libcurl.a */; };
		D429014E13B1D39900A3772F /* AdvanceParticleQuadSystem.cpp in Sources */ = {isa = PBXBuildFile; fileRef = D429014313B1D39900A3772F /* AdvanceParticleQuadSystem.cpp */; };
		D429014F13B1D39900A3772F /* AdvanceSprite.cpp in Sources */ = {isa = PBXBuildFile; fileRef = D429014513B1D39900A3772F /* AdvanceSprite.cpp */; };
		D429015013B1D39900A3772F /* NdCxList.cpp in Sources */ = {isa = PBXBuildFile; fileRef = D429014A13B1D39900A3772F /* NdCxList.cpp */; };
		D429015113B1D39900A3772F /* NdCxListItem.cpp in Sources */ = {isa = PBXBuildFile; fileRef = D429014C13B1D39900A3772F /* NdCxListItem.cpp */; };
		D429015B13B1D3AA00A3772F /* grossini-aliases.plist in Resources */ = {isa = PBXBuildFile; fileRef = D429015413B1D3AA00A3772F /* grossini-aliases.plist */; };
		D429015C13B1D3AA00A3772F /* grossini-aliases.png in Resources */ = {isa = PBXBuildFile; fileRef = D429015513B1D3AA00A3772F /* grossini-aliases.png */; };
		D429015D13B1D3AA00A3772F /* arial16.fnt in Resources */ = {isa = PBXBuildFile; fileRef = D429015713B1D3AA00A3772F /* arial16.fnt */; };
		D429015E13B1D3AA00A3772F /* arial16.png in Resources */ = {isa = PBXBuildFile; fileRef = D429015813B1D3AA00A3772F /* arial16.png */; };
		D429015F13B1D3AA00A3772F /* spritesheet1.png in Resources */ = {isa = PBXBuildFile; fileRef = D429015A13B1D3AA00A3772F /* spritesheet1.png */; };
		D429016D13B1D3F300A3772F /* AdvanceParticleTest.cpp in Sources */ = {isa = PBXBuildFile; fileRef = D429016213B1D3F300A3772F /* AdvanceParticleTest.cpp */; };
		D429016E13B1D3F300A3772F /* AppDelegate.cpp in Sources */ = {isa = PBXBuildFile; fileRef = D429016413B1D3F300A3772F /* AppDelegate.cpp */; };
		D429016F13B1D3F300A3772F /* controller.cpp in Sources */ = {isa = PBXBuildFile; fileRef = D429016613B1D3F300A3772F /* controller.cpp */; };
		D429017013B1D3F300A3772F /* testBasic.cpp in Sources */ = {isa = PBXBuildFile; fileRef = D429016913B1D3F300A3772F /* testBasic.cpp */; };
		D44C620C132DFF330009C878 /* OpenAL.framework in Frameworks */ = {isa = PBXBuildFile; fileRef = D44C620B132DFF330009C878 /* OpenAL.framework */; };
		D44C620E132DFF430009C878 /* AVFoundation.framework in Frameworks */ = {isa = PBXBuildFile; fileRef = D44C620D132DFF430009C878 /* AVFoundation.framework */; };
		D44C6210132DFF4E0009C878 /* AudioToolbox.framework in Frameworks */ = {isa = PBXBuildFile; fileRef = D44C620F132DFF4E0009C878 /* AudioToolbox.framework */; };
/* End PBXBuildFile section */

/* Begin PBXContainerItemProxy section */
		BF17117C12928F5A00B8313A /* PBXContainerItemProxy */ = {
			isa = PBXContainerItemProxy;
			containerPortal = 29B97313FDCFA39411CA2CEA /* Project object */;
			proxyType = 1;
			remoteGlobalIDString = BF170DAA12928DAA00B8313A;
			remoteInfo = cocos2d;
		};
		BF1712301292902D00B8313A /* PBXContainerItemProxy */ = {
			isa = PBXContainerItemProxy;
			containerPortal = 29B97313FDCFA39411CA2CEA /* Project object */;
			proxyType = 1;
			remoteGlobalIDString = BF17118612928FA700B8313A;
			remoteInfo = box2d;
		};
		BF1712E7129293BD00B8313A /* PBXContainerItemProxy */ = {
			isa = PBXContainerItemProxy;
			containerPortal = 29B97313FDCFA39411CA2CEA /* Project object */;
			proxyType = 1;
			remoteGlobalIDString = BF1712621292931F00B8313A;
			remoteInfo = chipmunk;
		};
		BF31DEFF12E9783F00D4F513 /* PBXContainerItemProxy */ = {
			isa = PBXContainerItemProxy;
			containerPortal = 29B97313FDCFA39411CA2CEA /* Project object */;
			proxyType = 1;
			remoteGlobalIDString = BF31DEAD12E9780200D4F513;
			remoteInfo = CocosDenshion;
		};
/* End PBXContainerItemProxy section */

/* Begin PBXFileReference section */
		1D30AB110D05D00D00671497 /* Foundation.framework */ = {isa = PBXFileReference; lastKnownFileType = wrapper.framework; name = Foundation.framework; path = System/Library/Frameworks/Foundation.framework; sourceTree = SDKROOT; };
		1D3623240D0F684500981E51 /* testsAppDelegate.h */ = {isa = PBXFileReference; fileEncoding = 4; lastKnownFileType = sourcecode.c.h; path = testsAppDelegate.h; sourceTree = "<group>"; };
		1D3623250D0F684500981E51 /* testsAppDelegate.mm */ = {isa = PBXFileReference; fileEncoding = 4; lastKnownFileType = sourcecode.cpp.objcpp; path = testsAppDelegate.mm; sourceTree = "<group>"; };
		1D6058910D05DD3D006BFB54 /* iphone.app */ = {isa = PBXFileReference; explicitFileType = wrapper.application; includeInIndex = 0; path = iphone.app; sourceTree = BUILT_PRODUCTS_DIR; };
		1DF5F4DF0D08C38300B7A737 /* UIKit.framework */ = {isa = PBXFileReference; lastKnownFileType = wrapper.framework; name = UIKit.framework; path = System/Library/Frameworks/UIKit.framework; sourceTree = SDKROOT; };
		288765A40DF7441C002DB57D /* CoreGraphics.framework */ = {isa = PBXFileReference; lastKnownFileType = wrapper.framework; name = CoreGraphics.framework; path = System/Library/Frameworks/CoreGraphics.framework; sourceTree = SDKROOT; };
		29B97316FDCFA39411CA2CEA /* main.m */ = {isa = PBXFileReference; fileEncoding = 4; lastKnownFileType = sourcecode.c.objc; name = main.m; path = ../main.m; sourceTree = "<group>"; };
		32CA4F630368D1EE00C91783 /* iphone_Prefix.pch */ = {isa = PBXFileReference; fileEncoding = 4; lastKnownFileType = sourcecode.c.h; name = iphone_Prefix.pch; path = ../iphone_Prefix.pch; sourceTree = "<group>"; };
		BF170DAB12928DAA00B8313A /* libcocos2d.a */ = {isa = PBXFileReference; explicitFileType = archive.ar; includeInIndex = 0; path = libcocos2d.a; sourceTree = BUILT_PRODUCTS_DIR; };
		BF170DB012928DE900B8313A /* OpenGLES.framework */ = {isa = PBXFileReference; lastKnownFileType = wrapper.framework; name = OpenGLES.framework; path = System/Library/Frameworks/OpenGLES.framework; sourceTree = SDKROOT; };
		BF170DB212928DE900B8313A /* libxml2.dylib */ = {isa = PBXFileReference; lastKnownFileType = "compiled.mach-o.dylib"; name = libxml2.dylib; path = usr/lib/libxml2.dylib; sourceTree = SDKROOT; };
		BF170DB412928DE900B8313A /* libz.dylib */ = {isa = PBXFileReference; lastKnownFileType = "compiled.mach-o.dylib"; name = libz.dylib; path = usr/lib/libz.dylib; sourceTree = SDKROOT; };
		BF17118712928FA700B8313A /* libbox2d.a */ = {isa = PBXFileReference; explicitFileType = archive.ar; includeInIndex = 0; path = libbox2d.a; sourceTree = BUILT_PRODUCTS_DIR; };
		BF1712631292931F00B8313A /* libchipmunk.a */ = {isa = PBXFileReference; explicitFileType = archive.ar; includeInIndex = 0; path = libchipmunk.a; sourceTree = BUILT_PRODUCTS_DIR; };
		BF1C47EA1293683800B63C5D /* QuartzCore.framework */ = {isa = PBXFileReference; lastKnownFileType = wrapper.framework; name = QuartzCore.framework; path = System/Library/Frameworks/QuartzCore.framework; sourceTree = SDKROOT; };
		BF31DEAE12E9780200D4F513 /* libCocosDenshion.a */ = {isa = PBXFileReference; explicitFileType = archive.ar; includeInIndex = 0; path = libCocosDenshion.a; sourceTree = BUILT_PRODUCTS_DIR; };
		BF3326F213690DA4007CAA22 /* RootViewController.h */ = {isa = PBXFileReference; fileEncoding = 4; lastKnownFileType = sourcecode.c.h; path = RootViewController.h; sourceTree = "<group>"; };
		BF3326F313690DA4007CAA22 /* RootViewController.mm */ = {isa = PBXFileReference; fileEncoding = 4; lastKnownFileType = sourcecode.cpp.objcpp; path = RootViewController.mm; sourceTree = "<group>"; };
		C6DB254213DD6602000E8D18 /* cocos2dx */ = {isa = PBXFileReference; lastKnownFileType = folder; name = cocos2dx; path = "../../../cocos2d-x/cocos2dx"; sourceTree = "<group>"; };
		C6DB255413DD6A80000E8D18 /* AdvanceParticleTest.h */ = {isa = PBXFileReference; fileEncoding = 4; lastKnownFileType = sourcecode.c.h; path = AdvanceParticleTest.h; sourceTree = "<group>"; };
		C6DB255513DD6A80000E8D18 /* AdvanceSpriteTest.h */ = {isa = PBXFileReference; fileEncoding = 4; lastKnownFileType = sourcecode.c.h; path = AdvanceSpriteTest.h; sourceTree = "<group>"; };
		C6DB255813DD6AA8000E8D18 /* AdvanceSpriteTest.cpp */ = {isa = PBXFileReference; fileEncoding = 4; lastKnownFileType = sourcecode.cpp.cpp; path = AdvanceSpriteTest.cpp; sourceTree = "<group>"; };
		C6DB255A13DD6B24000E8D18 /* Box2D */ = {isa = PBXFileReference; lastKnownFileType = folder; name = Box2D; path = "../../../cocos2d-x/Box2D"; sourceTree = "<group>"; };
		C6DB255B13DD6B24000E8D18 /* chipmunk */ = {isa = PBXFileReference; lastKnownFileType = folder; name = chipmunk; path = "../../../cocos2d-x/chipmunk"; sourceTree = "<group>"; };
		C6DB255C13DD6B24000E8D18 /* CocosDenshion */ = {isa = PBXFileReference; lastKnownFileType = folder; name = CocosDenshion; path = "../../../cocos2d-x/CocosDenshion"; sourceTree = "<group>"; };
		D429012D13B1D16900A3772F /* libcurl.a */ = {isa = PBXFileReference; lastKnownFileType = archive.ar; name = libcurl.a; path = ../../cocos2dx/platform/third_party/ios/libraries/libcurl.a; sourceTree = "<group>"; };
		D429014313B1D39900A3772F /* AdvanceParticleQuadSystem.cpp */ = {isa = PBXFileReference; fileEncoding = 4; lastKnownFileType = sourcecode.cpp.cpp; path = AdvanceParticleQuadSystem.cpp; sourceTree = "<group>"; };
		D429014413B1D39900A3772F /* AdvanceParticleQuadSystem.h */ = {isa = PBXFileReference; fileEncoding = 4; lastKnownFileType = sourcecode.c.h; path = AdvanceParticleQuadSystem.h; sourceTree = "<group>"; };
		D429014513B1D39900A3772F /* AdvanceSprite.cpp */ = {isa = PBXFileReference; fileEncoding = 4; lastKnownFileType = sourcecode.cpp.cpp; path = AdvanceSprite.cpp; sourceTree = "<group>"; };
		D429014613B1D39900A3772F /* AdvanceSprite.h */ = {isa = PBXFileReference; fileEncoding = 4; lastKnownFileType = sourcecode.c.h; path = AdvanceSprite.h; sourceTree = "<group>"; };
		D429014713B1D39900A3772F /* CCAdvanceParticleExample.h */ = {isa = PBXFileReference; fileEncoding = 4; lastKnownFileType = sourcecode.c.h; path = CCAdvanceParticleExample.h; sourceTree = "<group>"; };
		D429014913B1D39900A3772F /* ControlDefine.h */ = {isa = PBXFileReference; fileEncoding = 4; lastKnownFileType = sourcecode.c.h; path = ControlDefine.h; sourceTree = "<group>"; };
		D429014A13B1D39900A3772F /* NdCxList.cpp */ = {isa = PBXFileReference; fileEncoding = 4; lastKnownFileType = sourcecode.cpp.cpp; path = NdCxList.cpp; sourceTree = "<group>"; };
		D429014B13B1D39900A3772F /* NdCxList.h */ = {isa = PBXFileReference; fileEncoding = 4; lastKnownFileType = sourcecode.c.h; path = NdCxList.h; sourceTree = "<group>"; };
		D429014C13B1D39900A3772F /* NdCxListItem.cpp */ = {isa = PBXFileReference; fileEncoding = 4; lastKnownFileType = sourcecode.cpp.cpp; path = NdCxListItem.cpp; sourceTree = "<group>"; };
		D429014D13B1D39900A3772F /* NdCxListItem.h */ = {isa = PBXFileReference; fileEncoding = 4; lastKnownFileType = sourcecode.c.h; path = NdCxListItem.h; sourceTree = "<group>"; };
		D429015413B1D3AA00A3772F /* grossini-aliases.plist */ = {isa = PBXFileReference; fileEncoding = 4; lastKnownFileType = text.plist.xml; path = "grossini-aliases.plist"; sourceTree = "<group>"; };
		D429015513B1D3AA00A3772F /* grossini-aliases.png */ = {isa = PBXFileReference; lastKnownFileType = image.png; path = "grossini-aliases.png"; sourceTree = "<group>"; };
		D429015713B1D3AA00A3772F /* arial16.fnt */ = {isa = PBXFileReference; fileEncoding = 4; lastKnownFileType = text; path = arial16.fnt; sourceTree = "<group>"; };
		D429015813B1D3AA00A3772F /* arial16.png */ = {isa = PBXFileReference; lastKnownFileType = image.png; path = arial16.png; sourceTree = "<group>"; };
		D429015A13B1D3AA00A3772F /* spritesheet1.png */ = {isa = PBXFileReference; lastKnownFileType = image.png; path = spritesheet1.png; sourceTree = "<group>"; };
		D429016213B1D3F300A3772F /* AdvanceParticleTest.cpp */ = {isa = PBXFileReference; fileEncoding = 4; lastKnownFileType = sourcecode.cpp.cpp; path = AdvanceParticleTest.cpp; sourceTree = "<group>"; };
		D429016413B1D3F300A3772F /* AppDelegate.cpp */ = {isa = PBXFileReference; fileEncoding = 4; lastKnownFileType = sourcecode.cpp.cpp; path = AppDelegate.cpp; sourceTree = "<group>"; };
		D429016513B1D3F300A3772F /* AppDelegate.h */ = {isa = PBXFileReference; fileEncoding = 4; lastKnownFileType = sourcecode.c.h; path = AppDelegate.h; sourceTree = "<group>"; };
		D429016613B1D3F300A3772F /* controller.cpp */ = {isa = PBXFileReference; fileEncoding = 4; lastKnownFileType = sourcecode.cpp.cpp; path = controller.cpp; sourceTree = "<group>"; };
		D429016713B1D3F300A3772F /* controller.h */ = {isa = PBXFileReference; fileEncoding = 4; lastKnownFileType = sourcecode.c.h; path = controller.h; sourceTree = "<group>"; };
		D429016913B1D3F300A3772F /* testBasic.cpp */ = {isa = PBXFileReference; fileEncoding = 4; lastKnownFileType = sourcecode.cpp.cpp; path = testBasic.cpp; sourceTree = "<group>"; };
		D429016A13B1D3F300A3772F /* testBasic.h */ = {isa = PBXFileReference; fileEncoding = 4; lastKnownFileType = sourcecode.c.h; path = testBasic.h; sourceTree = "<group>"; };
		D429016B13B1D3F300A3772F /* testResource.h */ = {isa = PBXFileReference; fileEncoding = 4; lastKnownFileType = sourcecode.c.h; path = testResource.h; sourceTree = "<group>"; };
		D429016C13B1D3F300A3772F /* tests.h */ = {isa = PBXFileReference; fileEncoding = 4; lastKnownFileType = sourcecode.c.h; path = tests.h; sourceTree = "<group>"; };
		D44C620B132DFF330009C878 /* OpenAL.framework */ = {isa = PBXFileReference; lastKnownFileType = wrapper.framework; name = OpenAL.framework; path = System/Library/Frameworks/OpenAL.framework; sourceTree = SDKROOT; };
		D44C620D132DFF430009C878 /* AVFoundation.framework */ = {isa = PBXFileReference; lastKnownFileType = wrapper.framework; name = AVFoundation.framework; path = System/Library/Frameworks/AVFoundation.framework; sourceTree = SDKROOT; };
		D44C620F132DFF4E0009C878 /* AudioToolbox.framework */ = {isa = PBXFileReference; lastKnownFileType = wrapper.framework; name = AudioToolbox.framework; path = System/Library/Frameworks/AudioToolbox.framework; sourceTree = SDKROOT; };
		D4F9F37B12E54555005CA6D2 /* Test-Info.plist */ = {isa = PBXFileReference; fileEncoding = 4; lastKnownFileType = text.plist.xml; path = "Test-Info.plist"; sourceTree = SOURCE_ROOT; };
/* End PBXFileReference section */

/* Begin PBXFrameworksBuildPhase section */
		1D60588F0D05DD3D006BFB54 /* Frameworks */ = {
			isa = PBXFrameworksBuildPhase;
			buildActionMask = 2147483647;
			files = (
				1D60589F0D05DD5A006BFB54 /* Foundation.framework in Frameworks */,
				1DF5F4E00D08C38300B7A737 /* UIKit.framework in Frameworks */,
				288765A50DF7441C002DB57D /* CoreGraphics.framework in Frameworks */,
				BF171245129291EC00B8313A /* OpenGLES.framework in Frameworks */,
				BF1712461292920000B8313A /* libxml2.dylib in Frameworks */,
				BF1712471292920000B8313A /* libz.dylib in Frameworks */,
				BF1712591292930200B8313A /* libbox2d.a in Frameworks */,
				BF17125A1292930200B8313A /* libcocos2d.a in Frameworks */,
				BF1712E9129293C200B8313A /* libchipmunk.a in Frameworks */,
				BF1C47F01293687400B63C5D /* QuartzCore.framework in Frameworks */,
				BF31DF0112E9784500D4F513 /* libCocosDenshion.a in Frameworks */,
				D44C620C132DFF330009C878 /* OpenAL.framework in Frameworks */,
				D44C620E132DFF430009C878 /* AVFoundation.framework in Frameworks */,
				D44C6210132DFF4E0009C878 /* AudioToolbox.framework in Frameworks */,
				D429012E13B1D16900A3772F /* libcurl.a in Frameworks */,
			);
			runOnlyForDeploymentPostprocessing = 0;
		};
		BF170DA912928DAA00B8313A /* Frameworks */ = {
			isa = PBXFrameworksBuildPhase;
			buildActionMask = 2147483647;
			files = (
				BF170DAF12928DE900B8313A /* Foundation.framework in Frameworks */,
				BF170DB112928DE900B8313A /* OpenGLES.framework in Frameworks */,
				BF170DB312928DE900B8313A /* libxml2.dylib in Frameworks */,
				BF1C47EB1293683800B63C5D /* QuartzCore.framework in Frameworks */,
			);
			runOnlyForDeploymentPostprocessing = 0;
		};
		BF17118512928FA700B8313A /* Frameworks */ = {
			isa = PBXFrameworksBuildPhase;
			buildActionMask = 2147483647;
			files = (
			);
			runOnlyForDeploymentPostprocessing = 0;
		};
		BF1712611292931F00B8313A /* Frameworks */ = {
			isa = PBXFrameworksBuildPhase;
			buildActionMask = 2147483647;
			files = (
			);
			runOnlyForDeploymentPostprocessing = 0;
		};
		BF31DEAC12E9780200D4F513 /* Frameworks */ = {
			isa = PBXFrameworksBuildPhase;
			buildActionMask = 2147483647;
			files = (
			);
			runOnlyForDeploymentPostprocessing = 0;
		};
/* End PBXFrameworksBuildPhase section */

/* Begin PBXGroup section */
		080E96DDFE201D6D7F000001 /* ios */ = {
			isa = PBXGroup;
			children = (
				D4F9F37B12E54555005CA6D2 /* Test-Info.plist */,
				29B97316FDCFA39411CA2CEA /* main.m */,
				1D3623240D0F684500981E51 /* testsAppDelegate.h */,
				32CA4F630368D1EE00C91783 /* iphone_Prefix.pch */,
				1D3623250D0F684500981E51 /* testsAppDelegate.mm */,
				BF3326F213690DA4007CAA22 /* RootViewController.h */,
				BF3326F313690DA4007CAA22 /* RootViewController.mm */,
			);
			name = ios;
			path = Classes;
			sourceTree = "<group>";
		};
		19C28FACFE9D520D11CA2CBB /* Products */ = {
			isa = PBXGroup;
			children = (
				1D6058910D05DD3D006BFB54 /* iphone.app */,
				BF170DAB12928DAA00B8313A /* libcocos2d.a */,
				BF17118712928FA700B8313A /* libbox2d.a */,
				BF1712631292931F00B8313A /* libchipmunk.a */,
				BF31DEAE12E9780200D4F513 /* libCocosDenshion.a */,
			);
			name = Products;
			sourceTree = "<group>";
		};
		29B97314FDCFA39411CA2CEA /* CustomTemplate */ = {
			isa = PBXGroup;
			children = (
				C6DB255A13DD6B24000E8D18 /* Box2D */,
				C6DB255B13DD6B24000E8D18 /* chipmunk */,
				C6DB255C13DD6B24000E8D18 /* CocosDenshion */,
				C6DB254213DD6602000E8D18 /* cocos2dx */,
				D429016013B1D3F300A3772F /* tests */,
				D429015213B1D3AA00A3772F /* resources */,
				D429014113B1D39900A3772F /* extensions */,
				080E96DDFE201D6D7F000001 /* ios */,
				29B97323FDCFA39411CA2CEA /* Frameworks */,
				19C28FACFE9D520D11CA2CBB /* Products */,
			);
			name = CustomTemplate;
			sourceTree = "<group>";
		};
		29B97323FDCFA39411CA2CEA /* Frameworks */ = {
			isa = PBXGroup;
			children = (
				D429012D13B1D16900A3772F /* libcurl.a */,
				BF170DB012928DE900B8313A /* OpenGLES.framework */,
				BF170DB212928DE900B8313A /* libxml2.dylib */,
				BF170DB412928DE900B8313A /* libz.dylib */,
				BF1C47EA1293683800B63C5D /* QuartzCore.framework */,
				1DF5F4DF0D08C38300B7A737 /* UIKit.framework */,
				1D30AB110D05D00D00671497 /* Foundation.framework */,
				288765A40DF7441C002DB57D /* CoreGraphics.framework */,
				D44C620B132DFF330009C878 /* OpenAL.framework */,
				D44C620D132DFF430009C878 /* AVFoundation.framework */,
				D44C620F132DFF4E0009C878 /* AudioToolbox.framework */,
			);
			name = Frameworks;
			sourceTree = "<group>";
		};
		D429014113B1D39900A3772F /* extensions */ = {
			isa = PBXGroup;
			children = (
				D429014213B1D39900A3772F /* AdvanceSpriteAndParticle */,
				D429014813B1D39900A3772F /* NdControls */,
			);
			name = extensions;
			path = ../../extensions;
			sourceTree = "<group>";
		};
		D429014213B1D39900A3772F /* AdvanceSpriteAndParticle */ = {
			isa = PBXGroup;
			children = (
				D429014313B1D39900A3772F /* AdvanceParticleQuadSystem.cpp */,
				D429014413B1D39900A3772F /* AdvanceParticleQuadSystem.h */,
				D429014513B1D39900A3772F /* AdvanceSprite.cpp */,
				D429014613B1D39900A3772F /* AdvanceSprite.h */,
				D429014713B1D39900A3772F /* CCAdvanceParticleExample.h */,
			);
			path = AdvanceSpriteAndParticle;
			sourceTree = "<group>";
		};
		D429014813B1D39900A3772F /* NdControls */ = {
			isa = PBXGroup;
			children = (
				D429014913B1D39900A3772F /* ControlDefine.h */,
				D429014A13B1D39900A3772F /* NdCxList.cpp */,
				D429014B13B1D39900A3772F /* NdCxList.h */,
				D429014C13B1D39900A3772F /* NdCxListItem.cpp */,
				D429014D13B1D39900A3772F /* NdCxListItem.h */,
			);
			path = NdControls;
			sourceTree = "<group>";
		};
		D429015213B1D3AA00A3772F /* resources */ = {
			isa = PBXGroup;
			children = (
				D429015313B1D3AA00A3772F /* animations */,
				D429015613B1D3AA00A3772F /* fonts */,
				D429015913B1D3AA00A3772F /* images */,
			);
			name = resources;
			path = ../resources;
			sourceTree = "<group>";
		};
		D429015313B1D3AA00A3772F /* animations */ = {
			isa = PBXGroup;
			children = (
				D429015413B1D3AA00A3772F /* grossini-aliases.plist */,
				D429015513B1D3AA00A3772F /* grossini-aliases.png */,
			);
			path = animations;
			sourceTree = "<group>";
		};
		D429015613B1D3AA00A3772F /* fonts */ = {
			isa = PBXGroup;
			children = (
				D429015713B1D3AA00A3772F /* arial16.fnt */,
				D429015813B1D3AA00A3772F /* arial16.png */,
			);
			path = fonts;
			sourceTree = "<group>";
		};
		D429015913B1D3AA00A3772F /* images */ = {
			isa = PBXGroup;
			children = (
				D429015A13B1D3AA00A3772F /* spritesheet1.png */,
			);
			path = images;
			sourceTree = "<group>";
		};
		D429016013B1D3F300A3772F /* tests */ = {
			isa = PBXGroup;
			children = (
				D429016113B1D3F300A3772F /* AdvancedSpriteAndParticle */,
				D429016413B1D3F300A3772F /* AppDelegate.cpp */,
				D429016513B1D3F300A3772F /* AppDelegate.h */,
				D429016613B1D3F300A3772F /* controller.cpp */,
				D429016713B1D3F300A3772F /* controller.h */,
				D429016813B1D3F300A3772F /* NDControls */,
				D429016913B1D3F300A3772F /* testBasic.cpp */,
				D429016A13B1D3F300A3772F /* testBasic.h */,
				D429016B13B1D3F300A3772F /* testResource.h */,
				D429016C13B1D3F300A3772F /* tests.h */,
			);
			name = tests;
			path = ../tests;
			sourceTree = "<group>";
		};
		D429016113B1D3F300A3772F /* AdvancedSpriteAndParticle */ = {
			isa = PBXGroup;
			children = (
				C6DB255413DD6A80000E8D18 /* AdvanceParticleTest.h */,
				C6DB255813DD6AA8000E8D18 /* AdvanceSpriteTest.cpp */,
				C6DB255513DD6A80000E8D18 /* AdvanceSpriteTest.h */,
				D429016213B1D3F300A3772F /* AdvanceParticleTest.cpp */,
			);
			path = AdvancedSpriteAndParticle;
			sourceTree = "<group>";
		};
		D429016813B1D3F300A3772F /* NDControls */ = {
			isa = PBXGroup;
			children = (
			);
			path = NDControls;
			sourceTree = "<group>";
		};
/* End PBXGroup section */

/* Begin PBXHeadersBuildPhase section */
		BF170DA712928DAA00B8313A /* Headers */ = {
			isa = PBXHeadersBuildPhase;
			buildActionMask = 2147483647;
			files = (
			);
			runOnlyForDeploymentPostprocessing = 0;
		};
		BF17118312928FA700B8313A /* Headers */ = {
			isa = PBXHeadersBuildPhase;
			buildActionMask = 2147483647;
			files = (
			);
			runOnlyForDeploymentPostprocessing = 0;
		};
		BF17125F1292931F00B8313A /* Headers */ = {
			isa = PBXHeadersBuildPhase;
			buildActionMask = 2147483647;
			files = (
			);
			runOnlyForDeploymentPostprocessing = 0;
		};
		BF31DEAA12E9780200D4F513 /* Headers */ = {
			isa = PBXHeadersBuildPhase;
			buildActionMask = 2147483647;
			files = (
			);
			runOnlyForDeploymentPostprocessing = 0;
		};
/* End PBXHeadersBuildPhase section */

/* Begin PBXNativeTarget section */
		1D6058900D05DD3D006BFB54 /* test.ios */ = {
			isa = PBXNativeTarget;
			buildConfigurationList = 1D6058960D05DD3E006BFB54 /* Build configuration list for PBXNativeTarget "test.ios" */;
			buildPhases = (
				1D60588D0D05DD3D006BFB54 /* Resources */,
				1D60588E0D05DD3D006BFB54 /* Sources */,
				1D60588F0D05DD3D006BFB54 /* Frameworks */,
			);
			buildRules = (
			);
			dependencies = (
				BF17117D12928F5A00B8313A /* PBXTargetDependency */,
				BF1712311292902D00B8313A /* PBXTargetDependency */,
				BF1712E8129293BD00B8313A /* PBXTargetDependency */,
				BF31DF0012E9783F00D4F513 /* PBXTargetDependency */,
			);
			name = test.ios;
			productName = iphone;
			productReference = 1D6058910D05DD3D006BFB54 /* iphone.app */;
			productType = "com.apple.product-type.application";
		};
		BF170DAA12928DAA00B8313A /* cocos2d */ = {
			isa = PBXNativeTarget;
			buildConfigurationList = BF170DAE12928DD100B8313A /* Build configuration list for PBXNativeTarget "cocos2d" */;
			buildPhases = (
				BF170DA712928DAA00B8313A /* Headers */,
				BF170DA812928DAA00B8313A /* Sources */,
				BF170DA912928DAA00B8313A /* Frameworks */,
			);
			buildRules = (
			);
			dependencies = (
			);
			name = cocos2d;
			productName = cocos2d;
			productReference = BF170DAB12928DAA00B8313A /* libcocos2d.a */;
			productType = "com.apple.product-type.library.static";
		};
		BF17118612928FA700B8313A /* box2d */ = {
			isa = PBXNativeTarget;
			buildConfigurationList = BF17118A12928FC500B8313A /* Build configuration list for PBXNativeTarget "box2d" */;
			buildPhases = (
				BF17118312928FA700B8313A /* Headers */,
				BF17118412928FA700B8313A /* Sources */,
				BF17118512928FA700B8313A /* Frameworks */,
			);
			buildRules = (
			);
			dependencies = (
			);
			name = box2d;
			productName = box2d;
			productReference = BF17118712928FA700B8313A /* libbox2d.a */;
			productType = "com.apple.product-type.library.static";
		};
		BF1712621292931F00B8313A /* chipmunk */ = {
			isa = PBXNativeTarget;
			buildConfigurationList = BF1712DE1292933300B8313A /* Build configuration list for PBXNativeTarget "chipmunk" */;
			buildPhases = (
				BF17125F1292931F00B8313A /* Headers */,
				BF1712601292931F00B8313A /* Sources */,
				BF1712611292931F00B8313A /* Frameworks */,
			);
			buildRules = (
			);
			dependencies = (
			);
			name = chipmunk;
			productName = chipmunk;
			productReference = BF1712631292931F00B8313A /* libchipmunk.a */;
			productType = "com.apple.product-type.library.static";
		};
		BF31DEAD12E9780200D4F513 /* CocosDenshion */ = {
			isa = PBXNativeTarget;
			buildConfigurationList = BF31DEB112E9782000D4F513 /* Build configuration list for PBXNativeTarget "CocosDenshion" */;
			buildPhases = (
				BF31DEAA12E9780200D4F513 /* Headers */,
				BF31DEAB12E9780200D4F513 /* Sources */,
				BF31DEAC12E9780200D4F513 /* Frameworks */,
			);
			buildRules = (
			);
			dependencies = (
			);
			name = CocosDenshion;
			productName = CocosDenshion;
			productReference = BF31DEAE12E9780200D4F513 /* libCocosDenshion.a */;
			productType = "com.apple.product-type.library.static";
		};
/* End PBXNativeTarget section */

/* Begin PBXProject section */
		29B97313FDCFA39411CA2CEA /* Project object */ = {
			isa = PBXProject;
			buildConfigurationList = C01FCF4E08A954540054247B /* Build configuration list for PBXProject "test" */;
			compatibilityVersion = "Xcode 3.1";
			developmentRegion = English;
			hasScannedForEncodings = 1;
			knownRegions = (
				English,
				Japanese,
				French,
				German,
			);
			mainGroup = 29B97314FDCFA39411CA2CEA /* CustomTemplate */;
			projectDirPath = "";
			projectRoot = "";
			targets = (
				1D6058900D05DD3D006BFB54 /* test.ios */,
				BF170DAA12928DAA00B8313A /* cocos2d */,
				BF17118612928FA700B8313A /* box2d */,
				BF1712621292931F00B8313A /* chipmunk */,
				BF31DEAD12E9780200D4F513 /* CocosDenshion */,
			);
		};
/* End PBXProject section */

/* Begin PBXResourcesBuildPhase section */
		1D60588D0D05DD3D006BFB54 /* Resources */ = {
			isa = PBXResourcesBuildPhase;
			buildActionMask = 2147483647;
			files = (
				D429015B13B1D3AA00A3772F /* grossini-aliases.plist in Resources */,
				D429015C13B1D3AA00A3772F /* grossini-aliases.png in Resources */,
				D429015D13B1D3AA00A3772F /* arial16.fnt in Resources */,
				D429015E13B1D3AA00A3772F /* arial16.png in Resources */,
				D429015F13B1D3AA00A3772F /* spritesheet1.png in Resources */,
				C6DB254313DD6602000E8D18 /* cocos2dx in Resources */,
				C6DB255D13DD6B24000E8D18 /* Box2D in Resources */,
				C6DB255E13DD6B24000E8D18 /* chipmunk in Resources */,
				C6DB255F13DD6B24000E8D18 /* CocosDenshion in Resources */,
			);
			runOnlyForDeploymentPostprocessing = 0;
		};
/* End PBXResourcesBuildPhase section */

/* Begin PBXSourcesBuildPhase section */
		1D60588E0D05DD3D006BFB54 /* Sources */ = {
			isa = PBXSourcesBuildPhase;
			buildActionMask = 2147483647;
			files = (
				1D60589B0D05DD56006BFB54 /* main.m in Sources */,
				1D3623260D0F684500981E51 /* testsAppDelegate.mm in Sources */,
				BF3326F413690DA4007CAA22 /* RootViewController.mm in Sources */,
				D429014E13B1D39900A3772F /* AdvanceParticleQuadSystem.cpp in Sources */,
				D429014F13B1D39900A3772F /* AdvanceSprite.cpp in Sources */,
				D429015013B1D39900A3772F /* NdCxList.cpp in Sources */,
				D429015113B1D39900A3772F /* NdCxListItem.cpp in Sources */,
				D429016D13B1D3F300A3772F /* AdvanceParticleTest.cpp in Sources */,
				D429016E13B1D3F300A3772F /* AppDelegate.cpp in Sources */,
				D429016F13B1D3F300A3772F /* controller.cpp in Sources */,
				D429017013B1D3F300A3772F /* testBasic.cpp in Sources */,
				C6DB255913DD6AA8000E8D18 /* AdvanceSpriteTest.cpp in Sources */,
			);
			runOnlyForDeploymentPostprocessing = 0;
		};
		BF170DA812928DAA00B8313A /* Sources */ = {
			isa = PBXSourcesBuildPhase;
			buildActionMask = 2147483647;
			files = (
			);
			runOnlyForDeploymentPostprocessing = 0;
		};
		BF17118412928FA700B8313A /* Sources */ = {
			isa = PBXSourcesBuildPhase;
			buildActionMask = 2147483647;
			files = (
			);
			runOnlyForDeploymentPostprocessing = 0;
		};
		BF1712601292931F00B8313A /* Sources */ = {
			isa = PBXSourcesBuildPhase;
			buildActionMask = 2147483647;
			files = (
			);
			runOnlyForDeploymentPostprocessing = 0;
		};
		BF31DEAB12E9780200D4F513 /* Sources */ = {
			isa = PBXSourcesBuildPhase;
			buildActionMask = 2147483647;
			files = (
			);
			runOnlyForDeploymentPostprocessing = 0;
		};
/* End PBXSourcesBuildPhase section */

/* Begin PBXTargetDependency section */
		BF17117D12928F5A00B8313A /* PBXTargetDependency */ = {
			isa = PBXTargetDependency;
			target = BF170DAA12928DAA00B8313A /* cocos2d */;
			targetProxy = BF17117C12928F5A00B8313A /* PBXContainerItemProxy */;
		};
		BF1712311292902D00B8313A /* PBXTargetDependency */ = {
			isa = PBXTargetDependency;
			target = BF17118612928FA700B8313A /* box2d */;
			targetProxy = BF1712301292902D00B8313A /* PBXContainerItemProxy */;
		};
		BF1712E8129293BD00B8313A /* PBXTargetDependency */ = {
			isa = PBXTargetDependency;
			target = BF1712621292931F00B8313A /* chipmunk */;
			targetProxy = BF1712E7129293BD00B8313A /* PBXContainerItemProxy */;
		};
		BF31DF0012E9783F00D4F513 /* PBXTargetDependency */ = {
			isa = PBXTargetDependency;
			target = BF31DEAD12E9780200D4F513 /* CocosDenshion */;
			targetProxy = BF31DEFF12E9783F00D4F513 /* PBXContainerItemProxy */;
		};
/* End PBXTargetDependency section */

/* Begin XCBuildConfiguration section */
		1D6058940D05DD3E006BFB54 /* Debug */ = {
			isa = XCBuildConfiguration;
			buildSettings = {
				ALWAYS_SEARCH_USER_PATHS = NO;
				"CODE_SIGN_IDENTITY[sdk=iphoneos*]" = "iPhone Developer: Zhe Wang (P3QKHC24KY)";
				COPY_PHASE_STRIP = NO;
				GCC_DYNAMIC_NO_PIC = NO;
				GCC_INLINES_ARE_PRIVATE_EXTERN = NO;
				GCC_OPTIMIZATION_LEVEL = 0;
				GCC_PRECOMPILE_PREFIX_HEADER = YES;
				GCC_PREFIX_HEADER = iphone_Prefix.pch;
				GCC_PREPROCESSOR_DEFINITIONS = (
					USE_FILE32API,
					TARGET_OS_IPHONE,
				);
				GCC_SYMBOLS_PRIVATE_EXTERN = NO;
				HEADER_SEARCH_PATHS = (
					"$(SRCROOT)/../../CocosDenshion/include",
					"\"$(SRCROOT)/../../chipmunk/include/constraints\"",
					"\"$(SRCROOT)/../../chipmunk/include/chipmunk\"",
					"\"$(SRCROOT)/../..\"",
					"\"$(SRCROOT)/../../cocos2dx\"",
					"\"$(SRCROOT)/../../cocos2dx/include\"",
					"\"$(SRCROOT)/../../cocos2dx/platform/third_party/ios\"",
				);
				INFOPLIST_FILE = "Test-Info.plist";
				LIBRARY_SEARCH_PATHS = (
					"$(inherited)",
					"\"$(SRCROOT)/build/Debug-iphonesimulator\"",
					"\"$(SRCROOT)/../../cocos2dx/platform/third_party/ios/libraries\"",
				);
				OTHER_CFLAGS = "-O2";
				PRODUCT_NAME = iphone;
				SDKROOT = iphonesimulator4.1;
				TARGETED_DEVICE_FAMILY = "1,2";
			};
			name = Debug;
		};
		1D6058950D05DD3E006BFB54 /* Release */ = {
			isa = XCBuildConfiguration;
			buildSettings = {
				ALWAYS_SEARCH_USER_PATHS = NO;
				"CODE_SIGN_IDENTITY[sdk=iphoneos*]" = "iPhone Developer: Zhe Wang (P3QKHC24KY)";
				COPY_PHASE_STRIP = YES;
				GCC_INLINES_ARE_PRIVATE_EXTERN = NO;
				GCC_PRECOMPILE_PREFIX_HEADER = YES;
				GCC_PREFIX_HEADER = iphone_Prefix.pch;
				GCC_PREPROCESSOR_DEFINITIONS = (
					USE_FILE32API,
					TARGET_OS_IPHONE,
				);
				GCC_SYMBOLS_PRIVATE_EXTERN = NO;
				HEADER_SEARCH_PATHS = (
					"$(SRCROOT)/../../CocosDenshion/include",
					"\"$(SRCROOT)/../../chipmunk/include/constraints\"",
					"\"$(SRCROOT)/../../chipmunk/include/chipmunk\"",
					"\"$(SRCROOT)/../..\"",
					"\"$(SRCROOT)/../../cocos2dx\"",
					"\"$(SRCROOT)/../../cocos2dx/include\"",
					"\"$(SRCROOT)/../../cocos2dx/platform/third_party/ios\"",
				);
				INFOPLIST_FILE = "Test-Info.plist";
				LIBRARY_SEARCH_PATHS = (
					"$(inherited)",
					"\"$(SRCROOT)/build/Debug-iphonesimulator\"",
					"\"$(SRCROOT)/../../cocos2dx/platform/third_party/ios/libraries\"",
				);
				PRODUCT_NAME = iphone;
				SDKROOT = iphoneos;
				TARGETED_DEVICE_FAMILY = "1,2";
				VALIDATE_PRODUCT = YES;
			};
			name = Release;
		};
		BF170DAC12928DAA00B8313A /* Debug */ = {
			isa = XCBuildConfiguration;
			buildSettings = {
				ALWAYS_SEARCH_USER_PATHS = NO;
				COPY_PHASE_STRIP = NO;
				GCC_DYNAMIC_NO_PIC = NO;
				GCC_OPTIMIZATION_LEVEL = 0;
				GCC_PREPROCESSOR_DEFINITIONS = (
					USE_FILE32API,
					TARGET_OS_IPHONE,
				);
				HEADER_SEARCH_PATHS = (
					"\"$(SDKROOT)/usr/include/libxml2\"",
					"\"$(SRCROOT)/../../cocos2dx\"",
				);
				LIBRARY_SEARCH_PATHS = "$(inherited)";
				PREBINDING = NO;
				PRODUCT_NAME = cocos2d;
				SDKROOT = iphonesimulator4.1;
				TARGETED_DEVICE_FAMILY = "1,2";
			};
			name = Debug;
		};
		BF170DAD12928DAA00B8313A /* Release */ = {
			isa = XCBuildConfiguration;
			buildSettings = {
				ALWAYS_SEARCH_USER_PATHS = NO;
				COPY_PHASE_STRIP = YES;
				DEBUG_INFORMATION_FORMAT = "dwarf-with-dsym";
				GCC_ENABLE_FIX_AND_CONTINUE = NO;
				GCC_PREPROCESSOR_DEFINITIONS = (
					USE_FILE32API,
					TARGET_OS_IPHONE,
				);
				HEADER_SEARCH_PATHS = (
					"\"$(SDKROOT)/usr/include/libxml2\"",
					"\"$(SRCROOT)/../../cocos2dx\"",
				);
				LIBRARY_SEARCH_PATHS = "$(inherited)";
				PREBINDING = NO;
				PRODUCT_NAME = cocos2d;
				SDKROOT = iphoneos;
				TARGETED_DEVICE_FAMILY = "1,2";
				ZERO_LINK = NO;
			};
			name = Release;
		};
		BF17118812928FA700B8313A /* Debug */ = {
			isa = XCBuildConfiguration;
			buildSettings = {
				ALWAYS_SEARCH_USER_PATHS = NO;
				COPY_PHASE_STRIP = NO;
				GCC_DYNAMIC_NO_PIC = NO;
				GCC_OPTIMIZATION_LEVEL = 0;
				HEADER_SEARCH_PATHS = "\"$(SRCROOT)/../..\"";
				PREBINDING = NO;
				PRODUCT_NAME = box2d;
				SDKROOT = iphonesimulator4.1;
				TARGETED_DEVICE_FAMILY = "1,2";
			};
			name = Debug;
		};
		BF17118912928FA700B8313A /* Release */ = {
			isa = XCBuildConfiguration;
			buildSettings = {
				ALWAYS_SEARCH_USER_PATHS = NO;
				COPY_PHASE_STRIP = YES;
				DEBUG_INFORMATION_FORMAT = "dwarf-with-dsym";
				GCC_ENABLE_FIX_AND_CONTINUE = NO;
				HEADER_SEARCH_PATHS = "\"$(SRCROOT)/../..\"";
				PREBINDING = NO;
				PRODUCT_NAME = box2d;
				SDKROOT = iphoneos;
				TARGETED_DEVICE_FAMILY = "1,2";
				ZERO_LINK = NO;
			};
			name = Release;
		};
		BF1712641292932000B8313A /* Debug */ = {
			isa = XCBuildConfiguration;
			buildSettings = {
				ALWAYS_SEARCH_USER_PATHS = NO;
				COPY_PHASE_STRIP = NO;
				GCC_DYNAMIC_NO_PIC = NO;
				GCC_OPTIMIZATION_LEVEL = 0;
				HEADER_SEARCH_PATHS = (
					"\"$(SRCROOT)/../../chipmunk/include/chipmunk/constraints/\"",
					"\"$(SRCROOT)/../../chipmunk/include/chipmunk/\"",
				);
				PREBINDING = NO;
				PRODUCT_NAME = chipmunk;
				SDKROOT = iphonesimulator4.1;
				TARGETED_DEVICE_FAMILY = "1,2";
			};
			name = Debug;
		};
		BF1712651292932000B8313A /* Release */ = {
			isa = XCBuildConfiguration;
			buildSettings = {
				ALWAYS_SEARCH_USER_PATHS = NO;
				COPY_PHASE_STRIP = YES;
				DEBUG_INFORMATION_FORMAT = "dwarf-with-dsym";
				GCC_ENABLE_FIX_AND_CONTINUE = NO;
				HEADER_SEARCH_PATHS = (
					"\"$(SRCROOT)/../../chipmunk/include/chipmunk/constraints/\"",
					"\"$(SRCROOT)/../../chipmunk/include/chipmunk/\"",
				);
				PREBINDING = NO;
				PRODUCT_NAME = chipmunk;
				SDKROOT = iphoneos;
				TARGETED_DEVICE_FAMILY = "1,2";
				ZERO_LINK = NO;
			};
			name = Release;
		};
		BF31DEAF12E9780200D4F513 /* Debug */ = {
			isa = XCBuildConfiguration;
			buildSettings = {
				ALWAYS_SEARCH_USER_PATHS = NO;
				COPY_PHASE_STRIP = NO;
				GCC_DYNAMIC_NO_PIC = NO;
				GCC_ENABLE_FIX_AND_CONTINUE = YES;
				GCC_MODEL_TUNING = G5;
				GCC_OPTIMIZATION_LEVEL = 0;
				INSTALL_PATH = /usr/local/lib;
				PREBINDING = NO;
				PRODUCT_NAME = CocosDenshion;
				SDKROOT = iphonesimulator4.1;
				TARGETED_DEVICE_FAMILY = "1,2";
			};
			name = Debug;
		};
		BF31DEB012E9780200D4F513 /* Release */ = {
			isa = XCBuildConfiguration;
			buildSettings = {
				ALWAYS_SEARCH_USER_PATHS = NO;
				COPY_PHASE_STRIP = YES;
				DEBUG_INFORMATION_FORMAT = "dwarf-with-dsym";
				GCC_ENABLE_FIX_AND_CONTINUE = NO;
				GCC_MODEL_TUNING = G5;
				INSTALL_PATH = /usr/local/lib;
				PREBINDING = NO;
				PRODUCT_NAME = CocosDenshion;
				SDKROOT = iphoneos;
				TARGETED_DEVICE_FAMILY = "1,2";
				ZERO_LINK = NO;
			};
			name = Release;
		};
		C01FCF4F08A954540054247B /* Debug */ = {
			isa = XCBuildConfiguration;
			buildSettings = {
				ARCHS = "$(ARCHS_STANDARD_32_BIT)";
				"CODE_SIGN_IDENTITY[sdk=iphoneos*]" = "iPhone Developer";
				GCC_C_LANGUAGE_STANDARD = c99;
				GCC_WARN_ABOUT_RETURN_TYPE = YES;
				GCC_WARN_UNUSED_VARIABLE = YES;
				PREBINDING = NO;
				SDKROOT = iphoneos;
			};
			name = Debug;
		};
		C01FCF5008A954540054247B /* Release */ = {
			isa = XCBuildConfiguration;
			buildSettings = {
				ARCHS = "$(ARCHS_STANDARD_32_BIT)";
				"CODE_SIGN_IDENTITY[sdk=iphoneos*]" = "iPhone Developer";
				GCC_C_LANGUAGE_STANDARD = c99;
				GCC_WARN_ABOUT_RETURN_TYPE = YES;
				GCC_WARN_UNUSED_VARIABLE = YES;
				OTHER_CFLAGS = "-DNS_BLOCK_ASSERTIONS=1";
				PREBINDING = NO;
				SDKROOT = iphoneos;
			};
			name = Release;
		};
/* End XCBuildConfiguration section */

/* Begin XCConfigurationList section */
		1D6058960D05DD3E006BFB54 /* Build configuration list for PBXNativeTarget "test.ios" */ = {
			isa = XCConfigurationList;
			buildConfigurations = (
				1D6058940D05DD3E006BFB54 /* Debug */,
				1D6058950D05DD3E006BFB54 /* Release */,
			);
			defaultConfigurationIsVisible = 0;
			defaultConfigurationName = Release;
		};
		BF170DAE12928DD100B8313A /* Build configuration list for PBXNativeTarget "cocos2d" */ = {
			isa = XCConfigurationList;
			buildConfigurations = (
				BF170DAC12928DAA00B8313A /* Debug */,
				BF170DAD12928DAA00B8313A /* Release */,
			);
			defaultConfigurationIsVisible = 0;
			defaultConfigurationName = Release;
		};
		BF17118A12928FC500B8313A /* Build configuration list for PBXNativeTarget "box2d" */ = {
			isa = XCConfigurationList;
			buildConfigurations = (
				BF17118812928FA700B8313A /* Debug */,
				BF17118912928FA700B8313A /* Release */,
			);
			defaultConfigurationIsVisible = 0;
			defaultConfigurationName = Release;
		};
		BF1712DE1292933300B8313A /* Build configuration list for PBXNativeTarget "chipmunk" */ = {
			isa = XCConfigurationList;
			buildConfigurations = (
				BF1712641292932000B8313A /* Debug */,
				BF1712651292932000B8313A /* Release */,
			);
			defaultConfigurationIsVisible = 0;
			defaultConfigurationName = Release;
		};
		BF31DEB112E9782000D4F513 /* Build configuration list for PBXNativeTarget "CocosDenshion" */ = {
			isa = XCConfigurationList;
			buildConfigurations = (
				BF31DEAF12E9780200D4F513 /* Debug */,
				BF31DEB012E9780200D4F513 /* Release */,
			);
			defaultConfigurationIsVisible = 0;
			defaultConfigurationName = Release;
		};
		C01FCF4E08A954540054247B /* Build configuration list for PBXProject "test" */ = {
			isa = XCConfigurationList;
			buildConfigurations = (
				C01FCF4F08A954540054247B /* Debug */,
				C01FCF5008A954540054247B /* Release */,
			);
			defaultConfigurationIsVisible = 0;
			defaultConfigurationName = Release;
		};
/* End XCConfigurationList section */
	};
	rootObject = 29B97313FDCFA39411CA2CEA /* Project object */;
}
