
Microsoft Visual Studio Solution File, Format Version 10.00
# Visual Studio 2008
Project("{8BC9CEB8-8B4A-11D0-8D11-00A0C91BC942}") = "cocos2d-wophone", "cocos2dx\proj.wophone\cocos2d-wophone.vcproj", "{6AC43F51-A036-4653-B910-BDDC346D15E7}"
EndProject
Project("{8BC9CEB8-8B4A-11D0-8D11-00A0C91BC942}") = "CocosDenshion", "CocosDenshion\proj.wophone\CocosDenshion.wophone.vcproj", "{AB17438B-7848-4FD6-AF6E-A6A91F82C6F0}"
EndProject
Project("{8BC9CEB8-8B4A-11D0-8D11-00A0C91BC942}") = "Cocos2dxSimpleGameForWoPhone.wophone", "Cocos2dxSimpleGame\Cocos2dxSimpleGameForWoPhone.wophone.vcproj", "{7FA79EDD-1997-4C1E-9269-EA822FD51202}"
	ProjectSection(ProjectDependencies) = postProject
		{6AC43F51-A036-4653-B910-BDDC346D15E7} = {6AC43F51-A036-4653-B910-BDDC346D15E7}
		{AB17438B-7848-4FD6-AF6E-A6A91F82C6F0} = {AB17438B-7848-4FD6-AF6E-A6A91F82C6F0}
	EndProjectSection
EndProject
Global
	GlobalSection(SolutionConfigurationPlatforms) = preSolution
		Debug|Win32 = Debug|Win32
		Release|Win32 = Release|Win32
	EndGlobalSection
	GlobalSection(ProjectConfigurationPlatforms) = postSolution
		{6AC43F51-A036-4653-B910-BDDC346D15E7}.Debug|Win32.ActiveCfg = Debug|Win32
		{6AC43F51-A036-4653-B910-BDDC346D15E7}.Debug|Win32.Build.0 = Debug|Win32
		{6AC43F51-A036-4653-B910-BDDC346D15E7}.Release|Win32.ActiveCfg = Release|Win32
		{6AC43F51-A036-4653-B910-BDDC346D15E7}.Release|Win32.Build.0 = Release|Win32
		{AB17438B-7848-4FD6-AF6E-A6A91F82C6F0}.Debug|Win32.ActiveCfg = Debug|Win32
		{AB17438B-7848-4FD6-AF6E-A6A91F82C6F0}.Debug|Win32.Build.0 = Debug|Win32
		{AB17438B-7848-4FD6-AF6E-A6A91F82C6F0}.Release|Win32.ActiveCfg = Release|Win32
		{AB17438B-7848-4FD6-AF6E-A6A91F82C6F0}.Release|Win32.Build.0 = Release|Win32
		{7FA79EDD-1997-4C1E-9269-EA822FD51202}.Debug|Win32.ActiveCfg = Debug|Win32
		{7FA79EDD-1997-4C1E-9269-EA822FD51202}.Debug|Win32.Build.0 = Debug|Win32
		{7FA79EDD-1997-4C1E-9269-EA822FD51202}.Release|Win32.ActiveCfg = Release|Win32
		{7FA79EDD-1997-4C1E-9269-EA822FD51202}.Release|Win32.Build.0 = Release|Win32
	EndGlobalSection
	GlobalSection(SolutionProperties) = preSolution
		HideSolutionNode = FALSE
	EndGlobalSection
EndGlobal
